{
  "name": "ast-assertions",
  "version": "0.0.0",
  "lockfileVersion": 1,
  "requires": true,
  "dependencies": {
    "@babel/parser": {
      "version": "7.10.5",
      "resolved": "https://registry.npmjs.org/@babel/parser/-/parser-7.10.5.tgz",
      "integrity": "sha512-wfryxy4bE1UivvQKSQDU4/X6dr+i8bctjUjj8Zyt3DQy7NtPizJXT8M52nqpNKL+nq2PW8lxk4ZqLj0fD4B4hQ=="
    }
  }
}
