{
  "name": "example",
  "lockfileVersion": 2,
  "requires": true,
  "packages": {
    "": {
      "devDependencies": {
        "@sanjo/compose": ".."
      }
    },
    "..": {
      "version": "1.0.0",
      "dev": true,
      "bin": {
        "compose": "index.js"
      }
    },
    "node_modules/@sanjo/compose": {
      "resolved": "..",
      "link": true
    }
  },
  "dependencies": {
    "@sanjo/compose": {
      "version": "file:.."
    }
  }
}
