{
  "name": "example",
  "lockfileVersion": 2,
  "requires": true,
  "packages": {
    "": {
      "devDependencies": {
        "@sanjo/compose": ".."
      }
    },
    "..": {
      "name": "@sanjo/compose",
      "version": "2.0.0",
      "dev": true,
      "license": "SEE LICENSE IN LICENSE",
      "dependencies": {
        "argparse": "^2.0.1"
      },
      "bin": {
        "compose": "index.js"
      }
    },
    "node_modules/@sanjo/compose": {
      "resolved": "..",
      "link": true
    }
  },
  "dependencies": {
    "@sanjo/compose": {
      "version": "file:..",
      "requires": {
        "argparse": "^2.0.1"
      }
    }
  }
}
