{
	"name": "@sanjo/puppeteer-helpers",
	"version": "0.0.0",
	"lockfileVersion": 1,
	"requires": true,
	"dependencies": {
		"@types/node": {
			"version": "14.0.14",
			"resolved": "https://registry.npmjs.org/@types/node/-/node-14.0.14.tgz",
			"integrity": "sha512-syUgf67ZQpaJj01/tRTknkMNoBBLWJOBODF0Zm4NrXmiSuxjymFrxnTu1QVYRubhVkRcZLYZG8STTwJRdVm/WQ==",
			"dev": true
		},
		"@types/puppeteer": {
			"version": "3.0.1",
			"resolved": "https://registry.npmjs.org/@types/puppeteer/-/puppeteer-3.0.1.tgz",
			"integrity": "sha512-t03eNKCvWJXhQ8wkc5C6GYuSqMEdKLOX0GLMGtks25YZr38wKZlKTwGM/BoAPVtdysX7Bb9tdwrDS1+NrW3RRA==",
			"dev": true,
			"requires": {
				"@types/node": "*"
			}
		}
	}
}
