{
  "requires": true,
  "lockfileVersion": 1,
  "dependencies": {
    "typescript": {
      "version": "4.0.0-dev.20200703",
      "resolved": "https://registry.npmjs.org/typescript/-/typescript-4.0.0-dev.20200703.tgz",
      "integrity": "sha512-xoluPKssy9HuHbbyc6cMB/xv8JPezBjBO0dpyR5O9WEvUYF4QVu+3TtaGcdG/d+NpwgGBqo0cR6IAeHxJuGmXw==",
      "dev": true
    }
  }
}
